<?xml version="1.0" encoding="UTF-8" standalone="yes" ?>
<CodeBlocks_project_file>
	<FileVersion major="1" minor="6" />
	<Project>
		<Option title="Relation Simulation" />
		<Option pch_mode="2" />
		<Option compiler="gcc-msys2-mingw64" />
		<Build>
			<Target title="Debug">
				<Option output="bin/Debug/Relation Simulation" prefix_auto="1" extension_auto="1" />
				<Option object_output="obj/Debug/" />
				<Option type="1" />
				<Option compiler="gcc-msys2-mingw64" />
			</Target>
			<Target title="Release">
				<Option output="bin/Release/Relation Simulation" prefix_auto="1" extension_auto="1" />
				<Option object_output="obj/Release/" />
				<Option type="1" />
				<Option compiler="gcc-msys2-mingw64" />
			</Target>
		</Build>
		<Compiler>
			<Add directory="C:/msys64/mingw64/include" />
		</Compiler>
		<Linker>
			<Add library="SDL3" />
			<Add directory="C:/msys64/mingw64/lib" />
			<Add directory="C:/msys64/mingw64/bin" />
		</Linker>
		<Unit filename="Constants.h" />
		<Unit filename="GPU_Object.cpp" />
		<Unit filename="GPU_bundle.cpp" />
		<Unit filename="GPU_bundle.h" />
		<Unit filename="camera.cpp" />
		<Unit filename="camera.h" />
		<Unit filename="glad.c">
			<Option compilerVar="CC" />
		</Unit>
		<Unit filename="main.cpp" />
		<Unit filename="mesh.cpp" />
		<Unit filename="people_1000.json" />
		<Unit filename="shaders/Forces.comp" />
		<Unit filename="shaders/Shader.frag" />
		<Unit filename="shaders/Shader.vert" />
		<Unit filename="çizelge.txt" />
		<Extensions />
	</Project>
</CodeBlocks_project_file>
